
Microsoft Visual Studio Solution File, Format Version 12.00
# Visual Studio Version 17
VisualStudioVersion = 17.4.33110.190
MinimumVisualStudioVersion = 10.0.40219.1
Project("{9A19103F-16F7-4668-BE54-9A1E7A4F7556}") = "ParsingDomGosuslugi", "ParsingDomGosuslugi\ParsingDomGosuslugi.csproj", "{263CFAF2-0A4D-4DD5-A395-5A5844C3D83C}"
EndProject
Project("{9A19103F-16F7-4668-BE54-9A1E7A4F7556}") = "SimpleRequest", "SimpleRequest\SimpleRequest.csproj", "{56058129-EBEE-4303-94F9-CECC50E31329}"
EndProject
Project("{9A19103F-16F7-4668-BE54-9A1E7A4F7556}") = "Mappers", "Mappers\Mappers.csproj", "{9F25471E-E2CF-4908-893A-688E62263349}"
EndProject
Project("{2150E333-8FDC-42A3-9474-1A3956D46DE8}") = "Requests", "Requests", "{BC3CA5AB-9A1A-4CD2-AE9A-496E9E64A9C1}"
EndProject
Project("{9A19103F-16F7-4668-BE54-9A1E7A4F7556}") = "RequestsContracts", "RequestsContracts\RequestsContracts.csproj", "{87D6388A-D796-41DC-A285-2DA3DA1ACF5C}"
EndProject
Project("{9A19103F-16F7-4668-BE54-9A1E7A4F7556}") = "RequestsImplementation", "RequestsImplementation\RequestsImplementation.csproj", "{41DD42EF-B326-4ADE-9AE2-A2B533E81691}"
EndProject
Project("{9A19103F-16F7-4668-BE54-9A1E7A4F7556}") = "ConfigurationParameters", "ConfigurationParameters\ConfigurationParameters.csproj", "{5DEEE654-EDFA-4629-9191-616B008A697B}"
EndProject
Project("{2150E333-8FDC-42A3-9474-1A3956D46DE8}") = "Services", "Services", "{37CC2158-0C26-4670-8204-003680380D1D}"
EndProject
Project("{9A19103F-16F7-4668-BE54-9A1E7A4F7556}") = "ServicesContracts", "ServicesContracts\ServicesContracts.csproj", "{0EF9E393-0E9F-4483-ACD6-689F2A40244A}"
EndProject
Project("{9A19103F-16F7-4668-BE54-9A1E7A4F7556}") = "ServicesImplementation", "ServicesImplementation\ServicesImplementation.csproj", "{55DE7C07-9DFC-4532-870E-50C9FCD46CCA}"
EndProject
Project("{2150E333-8FDC-42A3-9474-1A3956D46DE8}") = "DataAccess", "DataAccess", "{DA19CCE7-BE30-4B7D-B13A-5206830FFFAD}"
EndProject
Project("{9A19103F-16F7-4668-BE54-9A1E7A4F7556}") = "RepositoryImplementations", "RepositoryImplementations\RepositoryImplementations.csproj", "{FE787D3A-16E1-4BF8-BE15-D5D4F9EE6553}"
EndProject
Project("{9A19103F-16F7-4668-BE54-9A1E7A4F7556}") = "RepositoryContracts", "RepositoryContracts\RepositoryContracts.csproj", "{355D93B1-9B88-4577-B380-F5DA8BE8B67B}"
EndProject
Project("{2150E333-8FDC-42A3-9474-1A3956D46DE8}") = "Mapping", "Mapping", "{D9737440-CC92-4D65-9FC6-8F540F8AA523}"
EndProject
Project("{9A19103F-16F7-4668-BE54-9A1E7A4F7556}") = "MappingUtils", "MappingUtils\MappingUtils.csproj", "{4B16A4FE-0915-494E-9EAA-0972B297169E}"
EndProject
Project("{FAE04EC0-301F-11D3-BF4B-00C04F79EFBC}") = "WebApi", "WebApi\WebApi.csproj", "{B2D88856-2E97-48E8-9F88-67C816220A48}"
EndProject
Global
	GlobalSection(SolutionConfigurationPlatforms) = preSolution
		Debug|Any CPU = Debug|Any CPU
		Release|Any CPU = Release|Any CPU
	EndGlobalSection
	GlobalSection(ProjectConfigurationPlatforms) = postSolution
		{263CFAF2-0A4D-4DD5-A395-5A5844C3D83C}.Debug|Any CPU.ActiveCfg = Debug|Any CPU
		{263CFAF2-0A4D-4DD5-A395-5A5844C3D83C}.Debug|Any CPU.Build.0 = Debug|Any CPU
		{263CFAF2-0A4D-4DD5-A395-5A5844C3D83C}.Release|Any CPU.ActiveCfg = Release|Any CPU
		{263CFAF2-0A4D-4DD5-A395-5A5844C3D83C}.Release|Any CPU.Build.0 = Release|Any CPU
		{56058129-EBEE-4303-94F9-CECC50E31329}.Debug|Any CPU.ActiveCfg = Debug|Any CPU
		{56058129-EBEE-4303-94F9-CECC50E31329}.Debug|Any CPU.Build.0 = Debug|Any CPU
		{56058129-EBEE-4303-94F9-CECC50E31329}.Release|Any CPU.ActiveCfg = Release|Any CPU
		{56058129-EBEE-4303-94F9-CECC50E31329}.Release|Any CPU.Build.0 = Release|Any CPU
		{9F25471E-E2CF-4908-893A-688E62263349}.Debug|Any CPU.ActiveCfg = Debug|Any CPU
		{9F25471E-E2CF-4908-893A-688E62263349}.Debug|Any CPU.Build.0 = Debug|Any CPU
		{9F25471E-E2CF-4908-893A-688E62263349}.Release|Any CPU.ActiveCfg = Release|Any CPU
		{9F25471E-E2CF-4908-893A-688E62263349}.Release|Any CPU.Build.0 = Release|Any CPU
		{87D6388A-D796-41DC-A285-2DA3DA1ACF5C}.Debug|Any CPU.ActiveCfg = Debug|Any CPU
		{87D6388A-D796-41DC-A285-2DA3DA1ACF5C}.Debug|Any CPU.Build.0 = Debug|Any CPU
		{87D6388A-D796-41DC-A285-2DA3DA1ACF5C}.Release|Any CPU.ActiveCfg = Release|Any CPU
		{87D6388A-D796-41DC-A285-2DA3DA1ACF5C}.Release|Any CPU.Build.0 = Release|Any CPU
		{41DD42EF-B326-4ADE-9AE2-A2B533E81691}.Debug|Any CPU.ActiveCfg = Debug|Any CPU
		{41DD42EF-B326-4ADE-9AE2-A2B533E81691}.Debug|Any CPU.Build.0 = Debug|Any CPU
		{41DD42EF-B326-4ADE-9AE2-A2B533E81691}.Release|Any CPU.ActiveCfg = Release|Any CPU
		{41DD42EF-B326-4ADE-9AE2-A2B533E81691}.Release|Any CPU.Build.0 = Release|Any CPU
		{5DEEE654-EDFA-4629-9191-616B008A697B}.Debug|Any CPU.ActiveCfg = Debug|Any CPU
		{5DEEE654-EDFA-4629-9191-616B008A697B}.Debug|Any CPU.Build.0 = Debug|Any CPU
		{5DEEE654-EDFA-4629-9191-616B008A697B}.Release|Any CPU.ActiveCfg = Release|Any CPU
		{5DEEE654-EDFA-4629-9191-616B008A697B}.Release|Any CPU.Build.0 = Release|Any CPU
		{0EF9E393-0E9F-4483-ACD6-689F2A40244A}.Debug|Any CPU.ActiveCfg = Debug|Any CPU
		{0EF9E393-0E9F-4483-ACD6-689F2A40244A}.Debug|Any CPU.Build.0 = Debug|Any CPU
		{0EF9E393-0E9F-4483-ACD6-689F2A40244A}.Release|Any CPU.ActiveCfg = Release|Any CPU
		{0EF9E393-0E9F-4483-ACD6-689F2A40244A}.Release|Any CPU.Build.0 = Release|Any CPU
		{55DE7C07-9DFC-4532-870E-50C9FCD46CCA}.Debug|Any CPU.ActiveCfg = Debug|Any CPU
		{55DE7C07-9DFC-4532-870E-50C9FCD46CCA}.Debug|Any CPU.Build.0 = Debug|Any CPU
		{55DE7C07-9DFC-4532-870E-50C9FCD46CCA}.Release|Any CPU.ActiveCfg = Release|Any CPU
		{55DE7C07-9DFC-4532-870E-50C9FCD46CCA}.Release|Any CPU.Build.0 = Release|Any CPU
		{FE787D3A-16E1-4BF8-BE15-D5D4F9EE6553}.Debug|Any CPU.ActiveCfg = Debug|Any CPU
		{FE787D3A-16E1-4BF8-BE15-D5D4F9EE6553}.Debug|Any CPU.Build.0 = Debug|Any CPU
		{FE787D3A-16E1-4BF8-BE15-D5D4F9EE6553}.Release|Any CPU.ActiveCfg = Release|Any CPU
		{FE787D3A-16E1-4BF8-BE15-D5D4F9EE6553}.Release|Any CPU.Build.0 = Release|Any CPU
		{355D93B1-9B88-4577-B380-F5DA8BE8B67B}.Debug|Any CPU.ActiveCfg = Debug|Any CPU
		{355D93B1-9B88-4577-B380-F5DA8BE8B67B}.Debug|Any CPU.Build.0 = Debug|Any CPU
		{355D93B1-9B88-4577-B380-F5DA8BE8B67B}.Release|Any CPU.ActiveCfg = Release|Any CPU
		{355D93B1-9B88-4577-B380-F5DA8BE8B67B}.Release|Any CPU.Build.0 = Release|Any CPU
		{4B16A4FE-0915-494E-9EAA-0972B297169E}.Debug|Any CPU.ActiveCfg = Debug|Any CPU
		{4B16A4FE-0915-494E-9EAA-0972B297169E}.Debug|Any CPU.Build.0 = Debug|Any CPU
		{4B16A4FE-0915-494E-9EAA-0972B297169E}.Release|Any CPU.ActiveCfg = Release|Any CPU
		{4B16A4FE-0915-494E-9EAA-0972B297169E}.Release|Any CPU.Build.0 = Release|Any CPU
		{B2D88856-2E97-48E8-9F88-67C816220A48}.Debug|Any CPU.ActiveCfg = Debug|Any CPU
		{B2D88856-2E97-48E8-9F88-67C816220A48}.Debug|Any CPU.Build.0 = Debug|Any CPU
		{B2D88856-2E97-48E8-9F88-67C816220A48}.Release|Any CPU.ActiveCfg = Release|Any CPU
		{B2D88856-2E97-48E8-9F88-67C816220A48}.Release|Any CPU.Build.0 = Release|Any CPU
	EndGlobalSection
	GlobalSection(SolutionProperties) = preSolution
		HideSolutionNode = FALSE
	EndGlobalSection
	GlobalSection(NestedProjects) = preSolution
		{9F25471E-E2CF-4908-893A-688E62263349} = {D9737440-CC92-4D65-9FC6-8F540F8AA523}
		{87D6388A-D796-41DC-A285-2DA3DA1ACF5C} = {BC3CA5AB-9A1A-4CD2-AE9A-496E9E64A9C1}
		{41DD42EF-B326-4ADE-9AE2-A2B533E81691} = {BC3CA5AB-9A1A-4CD2-AE9A-496E9E64A9C1}
		{0EF9E393-0E9F-4483-ACD6-689F2A40244A} = {37CC2158-0C26-4670-8204-003680380D1D}
		{55DE7C07-9DFC-4532-870E-50C9FCD46CCA} = {37CC2158-0C26-4670-8204-003680380D1D}
		{FE787D3A-16E1-4BF8-BE15-D5D4F9EE6553} = {DA19CCE7-BE30-4B7D-B13A-5206830FFFAD}
		{355D93B1-9B88-4577-B380-F5DA8BE8B67B} = {DA19CCE7-BE30-4B7D-B13A-5206830FFFAD}
		{4B16A4FE-0915-494E-9EAA-0972B297169E} = {D9737440-CC92-4D65-9FC6-8F540F8AA523}
	EndGlobalSection
	GlobalSection(ExtensibilityGlobals) = postSolution
		SolutionGuid = {1E0A22D4-D19D-4F00-9F7C-0ED760D98CBE}
	EndGlobalSection
EndGlobal
